Microsoft Visual Studio Solution File, Format Version 12.00
# Visual Studio Version 17
VisualStudioVersion = 17.8.0.0
MinimumVisualStudioVersion = 10.0.40219.1

Project("{9A19103F-16F7-4668-BE54-9A1E7A4F7556}") = "CosmicSandbox.App", "src\CosmicSandbox.App\CosmicSandbox.App.csproj", "{A1234567-1234-1234-1234-123456789ABC}"
EndProject
Project("{9A19103F-16F7-4668-BE54-9A1E7A4F7556}") = "CosmicSandbox.PhysicsEngine", "src\CosmicSandbox.PhysicsEngine\CosmicSandbox.PhysicsEngine.csproj", "{B1234567-1234-1234-1234-123456789ABC}"
EndProject
Project("{9A19103F-16F7-4668-BE54-9A1E7A4F7556}") = "CosmicSandbox.Renderer", "src\CosmicSandbox.Renderer\CosmicSandbox.Renderer.csproj", "{C1234567-1234-1234-1234-123456789ABC}"
EndProject
Project("{9A19103F-16F7-4668-BE54-9A1E7A4F7556}") = "CosmicSandbox.AssetPipeline", "src\CosmicSandbox.AssetPipeline\CosmicSandbox.AssetPipeline.csproj", "{D1234567-1234-1234-1234-123456789ABC}"
EndProject
Project("{9A19103F-16F7-4668-BE54-9A1E7A4F7556}") = "CosmicSandbox.Core", "src\CosmicSandbox.Core\CosmicSandbox.Core.csproj", "{E1234567-1234-1234-1234-123456789ABC}"
EndProject
Project("{9A19103F-16F7-4668-BE54-9A1E7A4F7556}") = "CosmicSandbox.Serialization", "src\CosmicSandbox.Serialization\CosmicSandbox.Serialization.csproj", "{F1234567-1234-1234-1234-123456789ABC}"
EndProject
Project("{9A19103F-16F7-4668-BE54-9A1E7A4F7556}") = "CosmicSandbox.Diagnostics", "src\CosmicSandbox.Diagnostics\CosmicSandbox.Diagnostics.csproj", "{11234567-1234-1234-1234-123456789ABC}"
EndProject
Project("{9A19103F-16F7-4668-BE54-9A1E7A4F7556}") = "CosmicSandbox.Tests", "tests\CosmicSandbox.Tests\CosmicSandbox.Tests.csproj", "{21234567-1234-1234-1234-123456789ABC}"
EndProject

Global
	GlobalSection(SolutionConfigurationPlatforms) = preSolution
		Debug|Any CPU = Debug|Any CPU
		Debug|x64 = Debug|x64
		Release|Any CPU = Release|Any CPU
		Release|x64 = Release|x64
	EndGlobalSection
	GlobalSection(ProjectConfigurationPlatforms) = postSolution
		{A1234567-1234-1234-1234-123456789ABC}.Debug|Any CPU.ActiveCfg = Debug|Any CPU
		{A1234567-1234-1234-1234-123456789ABC}.Debug|Any CPU.Build.0 = Debug|Any CPU
		{A1234567-1234-1234-1234-123456789ABC}.Debug|x64.ActiveCfg = Debug|x64
		{A1234567-1234-1234-1234-123456789ABC}.Debug|x64.Build.0 = Debug|x64
		{A1234567-1234-1234-1234-123456789ABC}.Release|Any CPU.ActiveCfg = Release|Any CPU
		{A1234567-1234-1234-1234-123456789ABC}.Release|Any CPU.Build.0 = Release|Any CPU
		{A1234567-1234-1234-1234-123456789ABC}.Release|x64.ActiveCfg = Release|x64
		{A1234567-1234-1234-1234-123456789ABC}.Release|x64.Build.0 = Release|x64
		{B1234567-1234-1234-1234-123456789ABC}.Debug|Any CPU.ActiveCfg = Debug|Any CPU
		{B1234567-1234-1234-1234-123456789ABC}.Debug|Any CPU.Build.0 = Debug|Any CPU
		{B1234567-1234-1234-1234-123456789ABC}.Debug|x64.ActiveCfg = Debug|x64
		{B1234567-1234-1234-1234-123456789ABC}.Debug|x64.Build.0 = Debug|x64
		{B1234567-1234-1234-1234-123456789ABC}.Release|Any CPU.ActiveCfg = Release|Any CPU
		{B1234567-1234-1234-1234-123456789ABC}.Release|Any CPU.Build.0 = Release|Any CPU
		{B1234567-1234-1234-1234-123456789ABC}.Release|x64.ActiveCfg = Release|x64
		{B1234567-1234-1234-1234-123456789ABC}.Release|x64.Build.0 = Release|x64
		{C1234567-1234-1234-1234-123456789ABC}.Debug|Any CPU.ActiveCfg = Debug|Any CPU
		{C1234567-1234-1234-1234-123456789ABC}.Debug|Any CPU.Build.0 = Debug|Any CPU
		{C1234567-1234-1234-1234-123456789ABC}.Debug|x64.ActiveCfg = Debug|x64
		{C1234567-1234-1234-1234-123456789ABC}.Debug|x64.Build.0 = Debug|x64
		{C1234567-1234-1234-1234-123456789ABC}.Release|Any CPU.ActiveCfg = Release|Any CPU
		{C1234567-1234-1234-1234-123456789ABC}.Release|Any CPU.Build.0 = Release|Any CPU
		{C1234567-1234-1234-1234-123456789ABC}.Release|x64.ActiveCfg = Release|x64
		{C1234567-1234-1234-1234-123456789ABC}.Release|x64.Build.0 = Release|x64
		{D1234567-1234-1234-1234-123456789ABC}.Debug|Any CPU.ActiveCfg = Debug|Any CPU
		{D1234567-1234-1234-1234-123456789ABC}.Debug|Any CPU.Build.0 = Debug|Any CPU
		{D1234567-1234-1234-1234-123456789ABC}.Debug|x64.ActiveCfg = Debug|x64
		{D1234567-1234-1234-1234-123456789ABC}.Debug|x64.Build.0 = Debug|x64
		{D1234567-1234-1234-1234-123456789ABC}.Release|Any CPU.ActiveCfg = Release|Any CPU
		{D1234567-1234-1234-1234-123456789ABC}.Release|Any CPU.Build.0 = Release|Any CPU
		{D1234567-1234-1234-1234-123456789ABC}.Release|x64.ActiveCfg = Release|x64
		{D1234567-1234-1234-1234-123456789ABC}.Release|x64.Build.0 = Release|x64
		{E1234567-1234-1234-1234-123456789ABC}.Debug|Any CPU.ActiveCfg = Debug|Any CPU
		{E1234567-1234-1234-1234-123456789ABC}.Debug|Any CPU.Build.0 = Debug|Any CPU
		{E1234567-1234-1234-1234-123456789ABC}.Debug|x64.ActiveCfg = Debug|x64
		{E1234567-1234-1234-1234-123456789ABC}.Debug|x64.Build.0 = Debug|x64
		{E1234567-1234-1234-1234-123456789ABC}.Release|Any CPU.ActiveCfg = Release|Any CPU
		{E1234567-1234-1234-1234-123456789ABC}.Release|Any CPU.Build.0 = Release|Any CPU
		{E1234567-1234-1234-1234-123456789ABC}.Release|x64.ActiveCfg = Release|x64
		{E1234567-1234-1234-1234-123456789ABC}.Release|x64.Build.0 = Release|x64
		{F1234567-1234-1234-1234-123456789ABC}.Debug|Any CPU.ActiveCfg = Debug|Any CPU
		{F1234567-1234-1234-1234-123456789ABC}.Debug|Any CPU.Build.0 = Debug|Any CPU
		{F1234567-1234-1234-1234-123456789ABC}.Debug|x64.ActiveCfg = Debug|x64
		{F1234567-1234-1234-1234-123456789ABC}.Debug|x64.Build.0 = Debug|x64
		{F1234567-1234-1234-1234-123456789ABC}.Release|Any CPU.ActiveCfg = Release|Any CPU
		{F1234567-1234-1234-1234-123456789ABC}.Release|Any CPU.Build.0 = Release|Any CPU
		{F1234567-1234-1234-1234-123456789ABC}.Release|x64.ActiveCfg = Release|x64
		{F1234567-1234-1234-1234-123456789ABC}.Release|x64.Build.0 = Release|x64
		{11234567-1234-1234-1234-123456789ABC}.Debug|Any CPU.ActiveCfg = Debug|Any CPU
		{11234567-1234-1234-1234-123456789ABC}.Debug|Any CPU.Build.0 = Debug|Any CPU
		{11234567-1234-1234-1234-123456789ABC}.Debug|x64.ActiveCfg = Debug|x64
		{11234567-1234-1234-1234-123456789ABC}.Debug|x64.Build.0 = Debug|x64
		{11234567-1234-1234-1234-123456789ABC}.Release|Any CPU.ActiveCfg = Release|Any CPU
		{11234567-1234-1234-1234-123456789ABC}.Release|Any CPU.Build.0 = Release|Any CPU
		{11234567-1234-1234-1234-123456789ABC}.Release|x64.ActiveCfg = Release|x64
		{11234567-1234-1234-1234-123456789ABC}.Release|x64.Build.0 = Release|x64
		{21234567-1234-1234-1234-123456789ABC}.Debug|Any CPU.ActiveCfg = Debug|Any CPU
		{21234567-1234-1234-1234-123456789ABC}.Debug|Any CPU.Build.0 = Debug|Any CPU
		{21234567-1234-1234-1234-123456789ABC}.Debug|x64.ActiveCfg = Debug|x64
		{21234567-1234-1234-1234-123456789ABC}.Debug|x64.Build.0 = Debug|x64
		{21234567-1234-1234-1234-123456789ABC}.Release|Any CPU.ActiveCfg = Release|Any CPU
		{21234567-1234-1234-1234-123456789ABC}.Release|Any CPU.Build.0 = Release|Any CPU
		{21234567-1234-1234-1234-123456789ABC}.Release|x64.ActiveCfg = Release|x64
		{21234567-1234-1234-1234-123456789ABC}.Release|x64.Build.0 = Release|x64
	EndGlobalSection
	GlobalSection(SolutionProperties) = preSolution
		HideSolutionNode = FALSE
	EndGlobalSection
EndGlobal
